// !$*UTF8*$!
{
	archiveVersion = 1;
	classes = {
	};
	objectVersion = 50;
	objects = {

/* Begin PBXBuildFile section */
		2DAFE91B23D560EC004A0BA4 /* level2.txt in Resources */ = {isa = PBXBuildFile; fileRef = 2DAFE91923D560EC004A0BA4 /* level2.txt */; };
		2DAFE91C23D560EC004A0BA4 /* level1.txt in Resources */ = {isa = PBXBuildFile; fileRef = 2DAFE91A23D560EC004A0BA4 /* level1.txt */; };
		2DC5DB7F23D01C55001A4964 /* AppDelegate.swift in Sources */ = {isa = PBXBuildFile; fileRef = 2DC5DB7E23D01C55001A4964 /* AppDelegate.swift */; };
		2DC5DB8123D01C55001A4964 /* SceneDelegate.swift in Sources */ = {isa = PBXBuildFile; fileRef = 2DC5DB8023D01C55001A4964 /* SceneDelegate.swift */; };
		2DC5DB8323D01C55001A4964 /* ViewController.swift in Sources */ = {isa = PBXBuildFile; fileRef = 2DC5DB8223D01C55001A4964 /* ViewController.swift */; };
		2DC5DB8623D01C55001A4964 /* Main.storyboard in Resources */ = {isa = PBXBuildFile; fileRef = 2DC5DB8423D01C55001A4964 /* Main.storyboard */; };
		2DC5DB8823D01C5B001A4964 /* Assets.xcassets in Resources */ = {isa = PBXBuildFile; fileRef = 2DC5DB8723D01C5B001A4964 /* Assets.xcassets */; };
		2DC5DB8B23D01C5B001A4964 /* LaunchScreen.storyboard in Resources */ = {isa = PBXBuildFile; fileRef = 2DC5DB8923D01C5B001A4964 /* LaunchScreen.storyboard */; };
/* End PBXBuildFile section */

/* Begin PBXFileReference section */
		2DAFE91923D560EC004A0BA4 /* level2.txt */ = {isa = PBXFileReference; fileEncoding = 4; lastKnownFileType = text; path = level2.txt; sourceTree = "<group>"; };
		2DAFE91A23D560EC004A0BA4 /* level1.txt */ = {isa = PBXFileReference; fileEncoding = 4; lastKnownFileType = text; path = level1.txt; sourceTree = "<group>"; };
		2DC5DB7B23D01C55001A4964 /* LittleWords.app */ = {isa = PBXFileReference; explicitFileType = wrapper.application; includeInIndex = 0; path = LittleWords.app; sourceTree = BUILT_PRODUCTS_DIR; };
		2DC5DB7E23D01C55001A4964 /* AppDelegate.swift */ = {isa = PBXFileReference; lastKnownFileType = sourcecode.swift; path = AppDelegate.swift; sourceTree = "<group>"; };
		2DC5DB8023D01C55001A4964 /* SceneDelegate.swift */ = {isa = PBXFileReference; lastKnownFileType = sourcecode.swift; path = SceneDelegate.swift; sourceTree = "<group>"; };
		2DC5DB8223D01C55001A4964 /* ViewController.swift */ = {isa = PBXFileReference; lastKnownFileType = sourcecode.swift; path = ViewController.swift; sourceTree = "<group>"; };
		2DC5DB8523D01C55001A4964 /* Base */ = {isa = PBXFileReference; lastKnownFileType = file.storyboard; name = Base; path = Base.lproj/Main.storyboard; sourceTree = "<group>"; };
		2DC5DB8723D01C5B001A4964 /* Assets.xcassets */ = {isa = PBXFileReference; lastKnownFileType = folder.assetcatalog; path = Assets.xcassets; sourceTree = "<group>"; };
		2DC5DB8A23D01C5B001A4964 /* Base */ = {isa = PBXFileReference; lastKnownFileType = file.storyboard; name = Base; path = Base.lproj/LaunchScreen.storyboard; sourceTree = "<group>"; };
		2DC5DB8C23D01C5B001A4964 /* Info.plist */ = {isa = PBXFileReference; lastKnownFileType = text.plist.xml; path = Info.plist; sourceTree = "<group>"; };
/* End PBXFileReference section */

/* Begin PBXFrameworksBuildPhase section */
		2DC5DB7823D01C55001A4964 /* Frameworks */ = {
			isa = PBXFrameworksBuildPhase;
			buildActionMask = 2147483647;
			files = (
			);
			runOnlyForDeploymentPostprocessing = 0;
		};
/* End PBXFrameworksBuildPhase section */

/* Begin PBXGroup section */
		2DC5DB7223D01C54001A4964 = {
			isa = PBXGroup;
			children = (
				2DC5DB7D23D01C55001A4964 /* LittleWords */,
				2DC5DB7C23D01C55001A4964 /* Products */,
			);
			sourceTree = "<group>";
		};
		2DC5DB7C23D01C55001A4964 /* Products */ = {
			isa = PBXGroup;
			children = (
				2DC5DB7B23D01C55001A4964 /* LittleWords.app */,
			);
			name = Products;
			sourceTree = "<group>";
		};
		2DC5DB7D23D01C55001A4964 /* LittleWords */ = {
			isa = PBXGroup;
			children = (
				2DC5DB7E23D01C55001A4964 /* AppDelegate.swift */,
				2DC5DB8023D01C55001A4964 /* SceneDelegate.swift */,
				2DC5DB8223D01C55001A4964 /* ViewController.swift */,
				2DC5DB8423D01C55001A4964 /* Main.storyboard */,
				2DC5DB8723D01C5B001A4964 /* Assets.xcassets */,
				2DC5DB8923D01C5B001A4964 /* LaunchScreen.storyboard */,
				2DC5DB8C23D01C5B001A4964 /* Info.plist */,
				2DAFE91A23D560EC004A0BA4 /* level1.txt */,
				2DAFE91923D560EC004A0BA4 /* level2.txt */,
			);
			path = LittleWords;
			sourceTree = "<group>";
		};
/* End PBXGroup section */

/* Begin PBXNativeTarget section */
		2DC5DB7A23D01C55001A4964 /* LittleWords */ = {
			isa = PBXNativeTarget;
			buildConfigurationList = 2DC5DB8F23D01C5B001A4964 /* Build configuration list for PBXNativeTarget "LittleWords" */;
			buildPhases = (
				2DC5DB7723D01C55001A4964 /* Sources */,
				2DC5DB7823D01C55001A4964 /* Frameworks */,
				2DC5DB7923D01C55001A4964 /* Resources */,
			);
			buildRules = (
			);
			dependencies = (
			);
			name = LittleWords;
			productName = LittleWords;
			productReference = 2DC5DB7B23D01C55001A4964 /* LittleWords.app */;
			productType = "com.apple.product-type.application";
		};
/* End PBXNativeTarget section */

/* Begin PBXProject section */
		2DC5DB7323D01C54001A4964 /* Project object */ = {
			isa = PBXProject;
			attributes = {
				LastSwiftUpdateCheck = 1130;
				LastUpgradeCheck = 1130;
				ORGANIZATIONNAME = "Volodymyr Klymenko";
				TargetAttributes = {
					2DC5DB7A23D01C55001A4964 = {
						CreatedOnToolsVersion = 11.3;
					};
				};
			};
			buildConfigurationList = 2DC5DB7623D01C54001A4964 /* Build configuration list for PBXProject "LittleWords" */;
			compatibilityVersion = "Xcode 9.3";
			developmentRegion = en;
			hasScannedForEncodings = 0;
			knownRegions = (
				en,
				Base,
			);
			mainGroup = 2DC5DB7223D01C54001A4964;
			productRefGroup = 2DC5DB7C23D01C55001A4964 /* Products */;
			projectDirPath = "";
			projectRoot = "";
			targets = (
				2DC5DB7A23D01C55001A4964 /* LittleWords */,
			);
		};
/* End PBXProject section */

/* Begin PBXResourcesBuildPhase section */
		2DC5DB7923D01C55001A4964 /* Resources */ = {
			isa = PBXResourcesBuildPhase;
			buildActionMask = 2147483647;
			files = (
				2DAFE91C23D560EC004A0BA4 /* level1.txt in Resources */,
				2DC5DB8B23D01C5B001A4964 /* LaunchScreen.storyboard in Resources */,
				2DC5DB8823D01C5B001A4964 /* Assets.xcassets in Resources */,
				2DAFE91B23D560EC004A0BA4 /* level2.txt in Resources */,
				2DC5DB8623D01C55001A4964 /* Main.storyboard in Resources */,
			);
			runOnlyForDeploymentPostprocessing = 0;
		};
/* End PBXResourcesBuildPhase section */

/* Begin PBXSourcesBuildPhase section */
		2DC5DB7723D01C55001A4964 /* Sources */ = {
			isa = PBXSourcesBuildPhase;
			buildActionMask = 2147483647;
			files = (
				2DC5DB8323D01C55001A4964 /* ViewController.swift in Sources */,
				2DC5DB7F23D01C55001A4964 /* AppDelegate.swift in Sources */,
				2DC5DB8123D01C55001A4964 /* SceneDelegate.swift in Sources */,
			);
			runOnlyForDeploymentPostprocessing = 0;
		};
/* End PBXSourcesBuildPhase section */

/* Begin PBXVariantGroup section */
		2DC5DB8423D01C55001A4964 /* Main.storyboard */ = {
			isa = PBXVariantGroup;
			children = (
				2DC5DB8523D01C55001A4964 /* Base */,
			);
			name = Main.storyboard;
			sourceTree = "<group>";
		};
		2DC5DB8923D01C5B001A4964 /* LaunchScreen.storyboard */ = {
			isa = PBXVariantGroup;
			children = (
				2DC5DB8A23D01C5B001A4964 /* Base */,
			);
			name = LaunchScreen.storyboard;
			sourceTree = "<group>";
		};
/* End PBXVariantGroup section */

/* Begin XCBuildConfiguration section */
		2DC5DB8D23D01C5B001A4964 /* Debug */ = {
			isa = XCBuildConfiguration;
			buildSettings = {
				ALWAYS_SEARCH_USER_PATHS = NO;
				CLANG_ANALYZER_NONNULL = YES;
				CLANG_ANALYZER_NUMBER_OBJECT_CONVERSION = YES_AGGRESSIVE;
				CLANG_CXX_LANGUAGE_STANDARD = "gnu++14";
				CLANG_CXX_LIBRARY = "libc++";
				CLANG_ENABLE_MODULES = YES;
				CLANG_ENABLE_OBJC_ARC = YES;
				CLANG_ENABLE_OBJC_WEAK = YES;
				CLANG_WARN_BLOCK_CAPTURE_AUTORELEASING = YES;
				CLANG_WARN_BOOL_CONVERSION = YES;
				CLANG_WARN_COMMA = YES;
				CLANG_WARN_CONSTANT_CONVERSION = YES;
				CLANG_WARN_DEPRECATED_OBJC_IMPLEMENTATIONS = YES;
				CLANG_WARN_DIRECT_OBJC_ISA_USAGE = YES_ERROR;
				CLANG_WARN_DOCUMENTATION_COMMENTS = YES;
				CLANG_WARN_EMPTY_BODY = YES;
				CLANG_WARN_ENUM_CONVERSION = YES;
				CLANG_WARN_INFINITE_RECURSION = YES;
				CLANG_WARN_INT_CONVERSION = YES;
				CLANG_WARN_NON_LITERAL_NULL_CONVERSION = YES;
				CLANG_WARN_OBJC_IMPLICIT_RETAIN_SELF = YES;
				CLANG_WARN_OBJC_LITERAL_CONVERSION = YES;
				CLANG_WARN_OBJC_ROOT_CLASS = YES_ERROR;
				CLANG_WARN_RANGE_LOOP_ANALYSIS = YES;
				CLANG_WARN_STRICT_PROTOTYPES = YES;
				CLANG_WARN_SUSPICIOUS_MOVE = YES;
				CLANG_WARN_UNGUARDED_AVAILABILITY = YES_AGGRESSIVE;
				CLANG_WARN_UNREACHABLE_CODE = YES;
				CLANG_WARN__DUPLICATE_METHOD_MATCH = YES;
				COPY_PHASE_STRIP = NO;
				DEBUG_INFORMATION_FORMAT = dwarf;
				ENABLE_STRICT_OBJC_MSGSEND = YES;
				ENABLE_TESTABILITY = YES;
				GCC_C_LANGUAGE_STANDARD = gnu11;
				GCC_DYNAMIC_NO_PIC = NO;
				GCC_NO_COMMON_BLOCKS = YES;
				GCC_OPTIMIZATION_LEVEL = 0;
				GCC_PREPROCESSOR_DEFINITIONS = (
					"DEBUG=1",
					"$(inherited)",
				);
				GCC_WARN_64_TO_32_BIT_CONVERSION = YES;
				GCC_WARN_ABOUT_RETURN_TYPE = YES_ERROR;
				GCC_WARN_UNDECLARED_SELECTOR = YES;
				GCC_WARN_UNINITIALIZED_AUTOS = YES_AGGRESSIVE;
				GCC_WARN_UNUSED_FUNCTION = YES;
				GCC_WARN_UNUSED_VARIABLE = YES;
				IPHONEOS_DEPLOYMENT_TARGET = 13.2;
				MTL_ENABLE_DEBUG_INFO = INCLUDE_SOURCE;
				MTL_FAST_MATH = YES;
				ONLY_ACTIVE_ARCH = YES;
				SDKROOT = iphoneos;
				SWIFT_ACTIVE_COMPILATION_CONDITIONS = DEBUG;
				SWIFT_OPTIMIZATION_LEVEL = "-Onone";
			};
			name = Debug;
		};
		2DC5DB8E23D01C5B001A4964 /* Release */ = {
			isa = XCBuildConfiguration;
			buildSettings = {
				ALWAYS_SEARCH_USER_PATHS = NO;
				CLANG_ANALYZER_NONNULL = YES;
				CLANG_ANALYZER_NUMBER_OBJECT_CONVERSION = YES_AGGRESSIVE;
				CLANG_CXX_LANGUAGE_STANDARD = "gnu++14";
				CLANG_CXX_LIBRARY = "libc++";
				CLANG_ENABLE_MODULES = YES;
				CLANG_ENABLE_OBJC_ARC = YES;
				CLANG_ENABLE_OBJC_WEAK = YES;
				CLANG_WARN_BLOCK_CAPTURE_AUTORELEASING = YES;
				CLANG_WARN_BOOL_CONVERSION = YES;
				CLANG_WARN_COMMA = YES;
				CLANG_WARN_CONSTANT_CONVERSION = YES;
				CLANG_WARN_DEPRECATED_OBJC_IMPLEMENTATIONS = YES;
				CLANG_WARN_DIRECT_OBJC_ISA_USAGE = YES_ERROR;
				CLANG_WARN_DOCUMENTATION_COMMENTS = YES;
				CLANG_WARN_EMPTY_BODY = YES;
				CLANG_WARN_ENUM_CONVERSION = YES;
				CLANG_WARN_INFINITE_RECURSION = YES;
				CLANG_WARN_INT_CONVERSION = YES;
				CLANG_WARN_NON_LITERAL_NULL_CONVERSION = YES;
				CLANG_WARN_OBJC_IMPLICIT_RETAIN_SELF = YES;
				CLANG_WARN_OBJC_LITERAL_CONVERSION = YES;
				CLANG_WARN_OBJC_ROOT_CLASS = YES_ERROR;
				CLANG_WARN_RANGE_LOOP_ANALYSIS = YES;
				CLANG_WARN_STRICT_PROTOTYPES = YES;
				CLANG_WARN_SUSPICIOUS_MOVE = YES;
				CLANG_WARN_UNGUARDED_AVAILABILITY = YES_AGGRESSIVE;
				CLANG_WARN_UNREACHABLE_CODE = YES;
				CLANG_WARN__DUPLICATE_METHOD_MATCH = YES;
				COPY_PHASE_STRIP = NO;
				DEBUG_INFORMATION_FORMAT = "dwarf-with-dsym";
				ENABLE_NS_ASSERTIONS = NO;
				ENABLE_STRICT_OBJC_MSGSEND = YES;
				GCC_C_LANGUAGE_STANDARD = gnu11;
				GCC_NO_COMMON_BLOCKS = YES;
				GCC_WARN_64_TO_32_BIT_CONVERSION = YES;
				GCC_WARN_ABOUT_RETURN_TYPE = YES_ERROR;
				GCC_WARN_UNDECLARED_SELECTOR = YES;
				GCC_WARN_UNINITIALIZED_AUTOS = YES_AGGRESSIVE;
				GCC_WARN_UNUSED_FUNCTION = YES;
				GCC_WARN_UNUSED_VARIABLE = YES;
				IPHONEOS_DEPLOYMENT_TARGET = 13.2;
				MTL_ENABLE_DEBUG_INFO = NO;
				MTL_FAST_MATH = YES;
				SDKROOT = iphoneos;
				SWIFT_COMPILATION_MODE = wholemodule;
				SWIFT_OPTIMIZATION_LEVEL = "-O";
				VALIDATE_PRODUCT = YES;
			};
			name = Release;
		};
		2DC5DB9023D01C5B001A4964 /* Debug */ = {
			isa = XCBuildConfiguration;
			buildSettings = {
				ASSETCATALOG_COMPILER_APPICON_NAME = AppIcon;
				CODE_SIGN_STYLE = Automatic;
				DEVELOPMENT_TEAM = J82C364K42;
				INFOPLIST_FILE = LittleWords/Info.plist;
				LD_RUNPATH_SEARCH_PATHS = (
					"$(inherited)",
					"@executable_path/Frameworks",
				);
				PRODUCT_BUNDLE_IDENTIFIER = com.volodymyrklymenko.LittleWords;
				PRODUCT_NAME = "$(TARGET_NAME)";
				SWIFT_VERSION = 5.0;
				TARGETED_DEVICE_FAMILY = 2;
			};
			name = Debug;
		};
		2DC5DB9123D01C5B001A4964 /* Release */ = {
			isa = XCBuildConfiguration;
			buildSettings = {
				ASSETCATALOG_COMPILER_APPICON_NAME = AppIcon;
				CODE_SIGN_STYLE = Automatic;
				DEVELOPMENT_TEAM = J82C364K42;
				INFOPLIST_FILE = LittleWords/Info.plist;
				LD_RUNPATH_SEARCH_PATHS = (
					"$(inherited)",
					"@executable_path/Frameworks",
				);
				PRODUCT_BUNDLE_IDENTIFIER = com.volodymyrklymenko.LittleWords;
				PRODUCT_NAME = "$(TARGET_NAME)";
				SWIFT_VERSION = 5.0;
				TARGETED_DEVICE_FAMILY = 2;
			};
			name = Release;
		};
/* End XCBuildConfiguration section */

/* Begin XCConfigurationList section */
		2DC5DB7623D01C54001A4964 /* Build configuration list for PBXProject "LittleWords" */ = {
			isa = XCConfigurationList;
			buildConfigurations = (
				2DC5DB8D23D01C5B001A4964 /* Debug */,
				2DC5DB8E23D01C5B001A4964 /* Release */,
			);
			defaultConfigurationIsVisible = 0;
			defaultConfigurationName = Release;
		};
		2DC5DB8F23D01C5B001A4964 /* Build configuration list for PBXNativeTarget "LittleWords" */ = {
			isa = XCConfigurationList;
			buildConfigurations = (
				2DC5DB9023D01C5B001A4964 /* Debug */,
				2DC5DB9123D01C5B001A4964 /* Release */,
			);
			defaultConfigurationIsVisible = 0;
			defaultConfigurationName = Release;
		};
/* End XCConfigurationList section */
	};
	rootObject = 2DC5DB7323D01C54001A4964 /* Project object */;
}
